
Microsoft Visual Studio Solution File, Format Version 12.00
# Visual Studio Version 17
VisualStudioVersion = 17.14.36915.13
MinimumVisualStudioVersion = 10.0.40219.1
Project("{FAE04EC0-301F-11D3-BF4B-00C04F79EFBC}") = "TEMPESTCore", "TEMPESTCore\TEMPESTCore.csproj", "{FD8F63F3-7150-4C8B-8C29-7D823FD2A8EF}"
EndProject
Global
	GlobalSection(SolutionConfigurationPlatforms) = preSolution
		Debug|Any CPU = Debug|Any CPU
		Release|Any CPU = Release|Any CPU
	EndGlobalSection
	GlobalSection(ProjectConfigurationPlatforms) = postSolution
		{FD8F63F3-7150-4C8B-8C29-7D823FD2A8EF}.Debug|Any CPU.ActiveCfg = Debug|Any CPU
		{FD8F63F3-7150-4C8B-8C29-7D823FD2A8EF}.Debug|Any CPU.Build.0 = Debug|Any CPU
		{FD8F63F3-7150-4C8B-8C29-7D823FD2A8EF}.Release|Any CPU.ActiveCfg = Release|Any CPU
		{FD8F63F3-7150-4C8B-8C29-7D823FD2A8EF}.Release|Any CPU.Build.0 = Release|Any CPU
	EndGlobalSection
	GlobalSection(SolutionProperties) = preSolution
		HideSolutionNode = FALSE
	EndGlobalSection
	GlobalSection(ExtensibilityGlobals) = postSolution
		SolutionGuid = {E83A8833-C6F5-4C86-8452-A5C41943A90A}
	EndGlobalSection
EndGlobal
